
Microsoft Visual Studio Solution File, Format Version 12.00
Project("{8BC9CEB8-8B4A-11D0-8D11-00A0C91BC942}") = "ConsoleApplication1", "ConsoleApplication1\ConsoleApplication1.vcxproj", "{C00CAB52-AF4C-48A4-A1A5-7567DF6284C3}"
EndProject
Global
	GlobalSection(SolutionConfigurationPlatforms) = preSolution
		Debug|Any CPU = Debug|Any CPU
		Release|Any CPU = Release|Any CPU
	EndGlobalSection
	GlobalSection(ProjectConfigurationPlatforms) = postSolution
		{C00CAB52-AF4C-48A4-A1A5-7567DF6284C3}.Debug|Any CPU.ActiveCfg = Debug|Win32
		{C00CAB52-AF4C-48A4-A1A5-7567DF6284C3}.Debug|Any CPU.Build.0 = Debug|Win32
		{C00CAB52-AF4C-48A4-A1A5-7567DF6284C3}.Release|Any CPU.ActiveCfg = Release|Win32
		{C00CAB52-AF4C-48A4-A1A5-7567DF6284C3}.Release|Any CPU.Build.0 = Release|Win32
	EndGlobalSection
EndGlobal
